// !$*UTF8*$!
{
	archiveVersion = 1;
	classes = {
	};
	objectVersion = 46;
	objects = {

/* Begin PBXBuildFile section */
		6BA6534A1DABEA7100896D10 /* jlinear.cpp in Sources */ = {isa = PBXBuildFile; fileRef = 6BA653451DABEA7100896D10 /* jlinear.cpp */; };
		6BA6534B1DABEA7100896D10 /* jlinear.hpp in Headers */ = {isa = PBXBuildFile; fileRef = 6BA653461DABEA7100896D10 /* jlinear.hpp */; };
		6BA6534C1DABEA7100896D10 /* jlinearrow.h in Headers */ = {isa = PBXBuildFile; fileRef = 6BA653471DABEA7100896D10 /* jlinearrow.h */; };
		6BA6534D1DABEA7100896D10 /* jlinearsystem.h in Headers */ = {isa = PBXBuildFile; fileRef = 6BA653481DABEA7100896D10 /* jlinearsystem.h */; };
		6BA653561DABEA9C00896D10 /* jlineartest.mm in Sources */ = {isa = PBXBuildFile; fileRef = 6BA653551DABEA9C00896D10 /* jlineartest.mm */; };
		6BA653581DABEA9C00896D10 /* libjlinear.a in Frameworks */ = {isa = PBXBuildFile; fileRef = 6BA6532E1DABE9E300896D10 /* libjlinear.a */; };
/* End PBXBuildFile section */

/* Begin PBXContainerItemProxy section */
		6BA653591DABEA9C00896D10 /* PBXContainerItemProxy */ = {
			isa = PBXContainerItemProxy;
			containerPortal = 6BA653261DABE9E300896D10 /* Project object */;
			proxyType = 1;
			remoteGlobalIDString = 6BA6532D1DABE9E300896D10;
			remoteInfo = jlinear;
		};
/* End PBXContainerItemProxy section */

/* Begin PBXFileReference section */
		6BA6532E1DABE9E300896D10 /* libjlinear.a */ = {isa = PBXFileReference; explicitFileType = archive.ar; includeInIndex = 0; path = libjlinear.a; sourceTree = BUILT_PRODUCTS_DIR; };
		6BA653451DABEA7100896D10 /* jlinear.cpp */ = {isa = PBXFileReference; fileEncoding = 4; lastKnownFileType = sourcecode.cpp.cpp; path = jlinear.cpp; sourceTree = "<group>"; };
		6BA653461DABEA7100896D10 /* jlinear.hpp */ = {isa = PBXFileReference; fileEncoding = 4; lastKnownFileType = sourcecode.cpp.h; path = jlinear.hpp; sourceTree = "<group>"; };
		6BA653471DABEA7100896D10 /* jlinearrow.h */ = {isa = PBXFileReference; fileEncoding = 4; lastKnownFileType = sourcecode.c.h; path = jlinearrow.h; sourceTree = "<group>"; };
		6BA653481DABEA7100896D10 /* jlinearsystem.h */ = {isa = PBXFileReference; fileEncoding = 4; lastKnownFileType = sourcecode.c.h; path = jlinearsystem.h; sourceTree = "<group>"; };
		6BA653531DABEA9C00896D10 /* jlineartest.xctest */ = {isa = PBXFileReference; explicitFileType = wrapper.cfbundle; includeInIndex = 0; path = jlineartest.xctest; sourceTree = BUILT_PRODUCTS_DIR; };
		6BA653551DABEA9C00896D10 /* jlineartest.mm */ = {isa = PBXFileReference; lastKnownFileType = sourcecode.cpp.objcpp; path = jlineartest.mm; sourceTree = "<group>"; };
		6BA653571DABEA9C00896D10 /* Info.plist */ = {isa = PBXFileReference; lastKnownFileType = text.plist.xml; path = Info.plist; sourceTree = "<group>"; };
/* End PBXFileReference section */

/* Begin PBXFrameworksBuildPhase section */
		6BA6532B1DABE9E300896D10 /* Frameworks */ = {
			isa = PBXFrameworksBuildPhase;
			buildActionMask = 2147483647;
			files = (
			);
			runOnlyForDeploymentPostprocessing = 0;
		};
		6BA653501DABEA9C00896D10 /* Frameworks */ = {
			isa = PBXFrameworksBuildPhase;
			buildActionMask = 2147483647;
			files = (
				6BA653581DABEA9C00896D10 /* libjlinear.a in Frameworks */,
			);
			runOnlyForDeploymentPostprocessing = 0;
		};
/* End PBXFrameworksBuildPhase section */

/* Begin PBXGroup section */
		6BA653251DABE9E300896D10 = {
			isa = PBXGroup;
			children = (
				6BA653351DABE9FB00896D10 /* jlinear */,
				6BA653541DABEA9C00896D10 /* jlineartest */,
				6BA6532F1DABE9E300896D10 /* Products */,
			);
			sourceTree = "<group>";
		};
		6BA6532F1DABE9E300896D10 /* Products */ = {
			isa = PBXGroup;
			children = (
				6BA6532E1DABE9E300896D10 /* libjlinear.a */,
				6BA653531DABEA9C00896D10 /* jlineartest.xctest */,
			);
			name = Products;
			sourceTree = "<group>";
		};
		6BA653351DABE9FB00896D10 /* jlinear */ = {
			isa = PBXGroup;
			children = (
				6BA653451DABEA7100896D10 /* jlinear.cpp */,
				6BA653461DABEA7100896D10 /* jlinear.hpp */,
				6BA653471DABEA7100896D10 /* jlinearrow.h */,
				6BA653481DABEA7100896D10 /* jlinearsystem.h */,
			);
			path = jlinear;
			sourceTree = "<group>";
		};
		6BA653541DABEA9C00896D10 /* jlineartest */ = {
			isa = PBXGroup;
			children = (
				6BA653551DABEA9C00896D10 /* jlineartest.mm */,
				6BA653571DABEA9C00896D10 /* Info.plist */,
			);
			path = jlineartest;
			sourceTree = "<group>";
		};
/* End PBXGroup section */

/* Begin PBXHeadersBuildPhase section */
		6BA6532C1DABE9E300896D10 /* Headers */ = {
			isa = PBXHeadersBuildPhase;
			buildActionMask = 2147483647;
			files = (
				6BA6534B1DABEA7100896D10 /* jlinear.hpp in Headers */,
				6BA6534D1DABEA7100896D10 /* jlinearsystem.h in Headers */,
				6BA6534C1DABEA7100896D10 /* jlinearrow.h in Headers */,
			);
			runOnlyForDeploymentPostprocessing = 0;
		};
/* End PBXHeadersBuildPhase section */

/* Begin PBXNativeTarget section */
		6BA6532D1DABE9E300896D10 /* jlinear */ = {
			isa = PBXNativeTarget;
			buildConfigurationList = 6BA653321DABE9E300896D10 /* Build configuration list for PBXNativeTarget "jlinear" */;
			buildPhases = (
				6BA6532A1DABE9E300896D10 /* Sources */,
				6BA6532B1DABE9E300896D10 /* Frameworks */,
				6BA6532C1DABE9E300896D10 /* Headers */,
			);
			buildRules = (
			);
			dependencies = (
			);
			name = jlinear;
			productName = jlinear;
			productReference = 6BA6532E1DABE9E300896D10 /* libjlinear.a */;
			productType = "com.apple.product-type.library.static";
		};
		6BA653521DABEA9C00896D10 /* jlineartest */ = {
			isa = PBXNativeTarget;
			buildConfigurationList = 6BA6535B1DABEA9C00896D10 /* Build configuration list for PBXNativeTarget "jlineartest" */;
			buildPhases = (
				6BA6534F1DABEA9C00896D10 /* Sources */,
				6BA653501DABEA9C00896D10 /* Frameworks */,
				6BA653511DABEA9C00896D10 /* Resources */,
			);
			buildRules = (
			);
			dependencies = (
				6BA6535A1DABEA9C00896D10 /* PBXTargetDependency */,
			);
			name = jlineartest;
			productName = jlineartest;
			productReference = 6BA653531DABEA9C00896D10 /* jlineartest.xctest */;
			productType = "com.apple.product-type.bundle.unit-test";
		};
/* End PBXNativeTarget section */

/* Begin PBXProject section */
		6BA653261DABE9E300896D10 /* Project object */ = {
			isa = PBXProject;
			attributes = {
				LastUpgradeCheck = 0800;
				ORGANIZATIONNAME = loadcomplete;
				TargetAttributes = {
					6BA6532D1DABE9E300896D10 = {
						CreatedOnToolsVersion = 8.0;
						ProvisioningStyle = Automatic;
					};
					6BA653521DABEA9C00896D10 = {
						CreatedOnToolsVersion = 8.0;
						ProvisioningStyle = Automatic;
					};
				};
			};
			buildConfigurationList = 6BA653291DABE9E300896D10 /* Build configuration list for PBXProject "jlinear" */;
			compatibilityVersion = "Xcode 3.2";
			developmentRegion = English;
			hasScannedForEncodings = 0;
			knownRegions = (
				en,
			);
			mainGroup = 6BA653251DABE9E300896D10;
			productRefGroup = 6BA6532F1DABE9E300896D10 /* Products */;
			projectDirPath = "";
			projectRoot = "";
			targets = (
				6BA6532D1DABE9E300896D10 /* jlinear */,
				6BA653521DABEA9C00896D10 /* jlineartest */,
			);
		};
/* End PBXProject section */

/* Begin PBXResourcesBuildPhase section */
		6BA653511DABEA9C00896D10 /* Resources */ = {
			isa = PBXResourcesBuildPhase;
			buildActionMask = 2147483647;
			files = (
			);
			runOnlyForDeploymentPostprocessing = 0;
		};
/* End PBXResourcesBuildPhase section */

/* Begin PBXSourcesBuildPhase section */
		6BA6532A1DABE9E300896D10 /* Sources */ = {
			isa = PBXSourcesBuildPhase;
			buildActionMask = 2147483647;
			files = (
				6BA6534A1DABEA7100896D10 /* jlinear.cpp in Sources */,
			);
			runOnlyForDeploymentPostprocessing = 0;
		};
		6BA6534F1DABEA9C00896D10 /* Sources */ = {
			isa = PBXSourcesBuildPhase;
			buildActionMask = 2147483647;
			files = (
				6BA653561DABEA9C00896D10 /* jlineartest.mm in Sources */,
			);
			runOnlyForDeploymentPostprocessing = 0;
		};
/* End PBXSourcesBuildPhase section */

/* Begin PBXTargetDependency section */
		6BA6535A1DABEA9C00896D10 /* PBXTargetDependency */ = {
			isa = PBXTargetDependency;
			target = 6BA6532D1DABE9E300896D10 /* jlinear */;
			targetProxy = 6BA653591DABEA9C00896D10 /* PBXContainerItemProxy */;
		};
/* End PBXTargetDependency section */

/* Begin XCBuildConfiguration section */
		6BA653301DABE9E300896D10 /* Debug */ = {
			isa = XCBuildConfiguration;
			buildSettings = {
				ALWAYS_SEARCH_USER_PATHS = NO;
				CLANG_ANALYZER_NONNULL = YES;
				CLANG_CXX_LANGUAGE_STANDARD = "gnu++0x";
				CLANG_CXX_LIBRARY = "libc++";
				CLANG_ENABLE_MODULES = YES;
				CLANG_ENABLE_OBJC_ARC = YES;
				CLANG_WARN_BOOL_CONVERSION = YES;
				CLANG_WARN_CONSTANT_CONVERSION = YES;
				CLANG_WARN_DIRECT_OBJC_ISA_USAGE = YES_ERROR;
				CLANG_WARN_DOCUMENTATION_COMMENTS = YES;
				CLANG_WARN_EMPTY_BODY = YES;
				CLANG_WARN_ENUM_CONVERSION = YES;
				CLANG_WARN_INFINITE_RECURSION = YES;
				CLANG_WARN_INT_CONVERSION = YES;
				CLANG_WARN_OBJC_ROOT_CLASS = YES_ERROR;
				CLANG_WARN_SUSPICIOUS_MOVES = YES;
				CLANG_WARN_UNREACHABLE_CODE = YES;
				CLANG_WARN__DUPLICATE_METHOD_MATCH = YES;
				CODE_SIGN_IDENTITY = "-";
				COPY_PHASE_STRIP = NO;
				DEBUG_INFORMATION_FORMAT = dwarf;
				ENABLE_STRICT_OBJC_MSGSEND = YES;
				ENABLE_TESTABILITY = YES;
				GCC_C_LANGUAGE_STANDARD = gnu99;
				GCC_DYNAMIC_NO_PIC = NO;
				GCC_NO_COMMON_BLOCKS = YES;
				GCC_OPTIMIZATION_LEVEL = 0;
				GCC_PREPROCESSOR_DEFINITIONS = (
					"DEBUG=1",
					"$(inherited)",
				);
				GCC_WARN_64_TO_32_BIT_CONVERSION = YES;
				GCC_WARN_ABOUT_RETURN_TYPE = YES_ERROR;
				GCC_WARN_UNDECLARED_SELECTOR = YES;
				GCC_WARN_UNINITIALIZED_AUTOS = YES_AGGRESSIVE;
				GCC_WARN_UNUSED_FUNCTION = YES;
				GCC_WARN_UNUSED_VARIABLE = YES;
				MACOSX_DEPLOYMENT_TARGET = 10.12;
				MTL_ENABLE_DEBUG_INFO = YES;
				ONLY_ACTIVE_ARCH = YES;
				SDKROOT = macosx;
			};
			name = Debug;
		};
		6BA653311DABE9E300896D10 /* Release */ = {
			isa = XCBuildConfiguration;
			buildSettings = {
				ALWAYS_SEARCH_USER_PATHS = NO;
				CLANG_ANALYZER_NONNULL = YES;
				CLANG_CXX_LANGUAGE_STANDARD = "gnu++0x";
				CLANG_CXX_LIBRARY = "libc++";
				CLANG_ENABLE_MODULES = YES;
				CLANG_ENABLE_OBJC_ARC = YES;
				CLANG_WARN_BOOL_CONVERSION = YES;
				CLANG_WARN_CONSTANT_CONVERSION = YES;
				CLANG_WARN_DIRECT_OBJC_ISA_USAGE = YES_ERROR;
				CLANG_WARN_DOCUMENTATION_COMMENTS = YES;
				CLANG_WARN_EMPTY_BODY = YES;
				CLANG_WARN_ENUM_CONVERSION = YES;
				CLANG_WARN_INFINITE_RECURSION = YES;
				CLANG_WARN_INT_CONVERSION = YES;
				CLANG_WARN_OBJC_ROOT_CLASS = YES_ERROR;
				CLANG_WARN_SUSPICIOUS_MOVES = YES;
				CLANG_WARN_UNREACHABLE_CODE = YES;
				CLANG_WARN__DUPLICATE_METHOD_MATCH = YES;
				CODE_SIGN_IDENTITY = "-";
				COPY_PHASE_STRIP = NO;
				DEBUG_INFORMATION_FORMAT = "dwarf-with-dsym";
				ENABLE_NS_ASSERTIONS = NO;
				ENABLE_STRICT_OBJC_MSGSEND = YES;
				GCC_C_LANGUAGE_STANDARD = gnu99;
				GCC_NO_COMMON_BLOCKS = YES;
				GCC_WARN_64_TO_32_BIT_CONVERSION = YES;
				GCC_WARN_ABOUT_RETURN_TYPE = YES_ERROR;
				GCC_WARN_UNDECLARED_SELECTOR = YES;
				GCC_WARN_UNINITIALIZED_AUTOS = YES_AGGRESSIVE;
				GCC_WARN_UNUSED_FUNCTION = YES;
				GCC_WARN_UNUSED_VARIABLE = YES;
				MACOSX_DEPLOYMENT_TARGET = 10.12;
				MTL_ENABLE_DEBUG_INFO = NO;
				SDKROOT = macosx;
			};
			name = Release;
		};
		6BA653331DABE9E300896D10 /* Debug */ = {
			isa = XCBuildConfiguration;
			buildSettings = {
				EXECUTABLE_PREFIX = lib;
				PRODUCT_NAME = "$(TARGET_NAME)";
				SDKROOT = iphoneos10.0;
			};
			name = Debug;
		};
		6BA653341DABE9E300896D10 /* Release */ = {
			isa = XCBuildConfiguration;
			buildSettings = {
				EXECUTABLE_PREFIX = lib;
				PRODUCT_NAME = "$(TARGET_NAME)";
				SDKROOT = iphoneos10.0;
			};
			name = Release;
		};
		6BA6535C1DABEA9C00896D10 /* Debug */ = {
			isa = XCBuildConfiguration;
			buildSettings = {
				COMBINE_HIDPI_IMAGES = YES;
				INFOPLIST_FILE = jlineartest/Info.plist;
				LD_RUNPATH_SEARCH_PATHS = "$(inherited) @executable_path/../Frameworks @loader_path/../Frameworks";
				PRODUCT_BUNDLE_IDENTIFIER = com.loadcomplete.jlineartest;
				PRODUCT_NAME = "$(TARGET_NAME)";
				SDKROOT = iphoneos;
			};
			name = Debug;
		};
		6BA6535D1DABEA9C00896D10 /* Release */ = {
			isa = XCBuildConfiguration;
			buildSettings = {
				COMBINE_HIDPI_IMAGES = YES;
				INFOPLIST_FILE = jlineartest/Info.plist;
				LD_RUNPATH_SEARCH_PATHS = "$(inherited) @executable_path/../Frameworks @loader_path/../Frameworks";
				PRODUCT_BUNDLE_IDENTIFIER = com.loadcomplete.jlineartest;
				PRODUCT_NAME = "$(TARGET_NAME)";
				SDKROOT = iphoneos;
			};
			name = Release;
		};
/* End XCBuildConfiguration section */

/* Begin XCConfigurationList section */
		6BA653291DABE9E300896D10 /* Build configuration list for PBXProject "jlinear" */ = {
			isa = XCConfigurationList;
			buildConfigurations = (
				6BA653301DABE9E300896D10 /* Debug */,
				6BA653311DABE9E300896D10 /* Release */,
			);
			defaultConfigurationIsVisible = 0;
			defaultConfigurationName = Release;
		};
		6BA653321DABE9E300896D10 /* Build configuration list for PBXNativeTarget "jlinear" */ = {
			isa = XCConfigurationList;
			buildConfigurations = (
				6BA653331DABE9E300896D10 /* Debug */,
				6BA653341DABE9E300896D10 /* Release */,
			);
			defaultConfigurationIsVisible = 0;
		};
		6BA6535B1DABEA9C00896D10 /* Build configuration list for PBXNativeTarget "jlineartest" */ = {
			isa = XCConfigurationList;
			buildConfigurations = (
				6BA6535C1DABEA9C00896D10 /* Debug */,
				6BA6535D1DABEA9C00896D10 /* Release */,
			);
			defaultConfigurationIsVisible = 0;
		};
/* End XCConfigurationList section */
	};
	rootObject = 6BA653261DABE9E300896D10 /* Project object */;
}
