// !$*UTF8*$!
{
	archiveVersion = 1;
	classes = {
	};
	objectVersion = 46;
	objects = {

/* Begin PBXBuildFile section */
		6B03842F1D92A31100282402 /* jmetalvertexbuffer.mm in Sources */ = {isa = PBXBuildFile; fileRef = 6B03842D1D92A31100282402 /* jmetalvertexbuffer.mm */; };
		6B0384331D94100000282402 /* jmetalindexbuffer.mm in Sources */ = {isa = PBXBuildFile; fileRef = 6B0384311D94100000282402 /* jmetalindexbuffer.mm */; };
		6B833F3D1D9A7205002EE46F /* jmetaluniformbuffer.mm in Sources */ = {isa = PBXBuildFile; fileRef = 6B833F3B1D9A7205002EE46F /* jmetaluniformbuffer.mm */; };
		6B833F411D9A77A6002EE46F /* jmetalstreambuffer.mm in Sources */ = {isa = PBXBuildFile; fileRef = 6B833F3F1D9A77A6002EE46F /* jmetalstreambuffer.mm */; };
		6BAFC22C1D3F19E4008158E5 /* jmetal.mm in Sources */ = {isa = PBXBuildFile; fileRef = 6BAFC22B1D3F19E4008158E5 /* jmetal.mm */; };
		6BAFC2331D3F1B3C008158E5 /* Metal.framework in Frameworks */ = {isa = PBXBuildFile; fileRef = 6BAFC2321D3F1B3C008158E5 /* Metal.framework */; };
		6BAFC2351D3F1C5E008158E5 /* QuartzCore.framework in Frameworks */ = {isa = PBXBuildFile; fileRef = 6BAFC2341D3F1C5E008158E5 /* QuartzCore.framework */; };
		6BF3339F1D7F0BEB0015817D /* jmetalbuffer.mm in Sources */ = {isa = PBXBuildFile; fileRef = 6BF3339E1D7F0BEB0015817D /* jmetalbuffer.mm */; };
		926A10E91D8C0ECC0090D75F /* jmetalrendercontextdata.mm in Sources */ = {isa = PBXBuildFile; fileRef = 926A10E71D8C0ECC0090D75F /* jmetalrendercontextdata.mm */; };
/* End PBXBuildFile section */

/* Begin PBXCopyFilesBuildPhase section */
		6BAFC2241D3F19E4008158E5 /* Copy Files */ = {
			isa = PBXCopyFilesBuildPhase;
			buildActionMask = 2147483647;
			dstPath = "include/$(PRODUCT_NAME)";
			dstSubfolderSpec = 16;
			files = (
			);
			name = "Copy Files";
			runOnlyForDeploymentPostprocessing = 0;
		};
/* End PBXCopyFilesBuildPhase section */

/* Begin PBXFileReference section */
		6B03842C1D92A31100282402 /* jmetalvertexbuffer.hpp */ = {isa = PBXFileReference; fileEncoding = 4; lastKnownFileType = sourcecode.cpp.h; path = jmetalvertexbuffer.hpp; sourceTree = "<group>"; };
		6B03842D1D92A31100282402 /* jmetalvertexbuffer.mm */ = {isa = PBXFileReference; fileEncoding = 4; lastKnownFileType = sourcecode.cpp.objcpp; path = jmetalvertexbuffer.mm; sourceTree = "<group>"; };
		6B0384301D94100000282402 /* jmetalindexbuffer.hpp */ = {isa = PBXFileReference; fileEncoding = 4; lastKnownFileType = sourcecode.cpp.h; path = jmetalindexbuffer.hpp; sourceTree = "<group>"; };
		6B0384311D94100000282402 /* jmetalindexbuffer.mm */ = {isa = PBXFileReference; fileEncoding = 4; lastKnownFileType = sourcecode.cpp.objcpp; path = jmetalindexbuffer.mm; sourceTree = "<group>"; };
		6B833F3A1D9A7205002EE46F /* jmetaluniformbuffer.hpp */ = {isa = PBXFileReference; fileEncoding = 4; lastKnownFileType = sourcecode.cpp.h; path = jmetaluniformbuffer.hpp; sourceTree = "<group>"; };
		6B833F3B1D9A7205002EE46F /* jmetaluniformbuffer.mm */ = {isa = PBXFileReference; fileEncoding = 4; lastKnownFileType = sourcecode.cpp.objcpp; path = jmetaluniformbuffer.mm; sourceTree = "<group>"; };
		6B833F3E1D9A77A6002EE46F /* jmetalstreambuffer.hpp */ = {isa = PBXFileReference; fileEncoding = 4; lastKnownFileType = sourcecode.cpp.h; path = jmetalstreambuffer.hpp; sourceTree = "<group>"; };
		6B833F3F1D9A77A6002EE46F /* jmetalstreambuffer.mm */ = {isa = PBXFileReference; fileEncoding = 4; lastKnownFileType = sourcecode.cpp.objcpp; path = jmetalstreambuffer.mm; sourceTree = "<group>"; };
		6B833F441D9A7E41002EE46F /* libsujak.a */ = {isa = PBXFileReference; lastKnownFileType = archive.ar; name = libsujak.a; path = "../../Library/Developer/Xcode/DerivedData/metal-hidnnxiiuevhzdgkmfckjmtkkslc/Build/Products/Debug-iphoneos/libsujak.a"; sourceTree = "<group>"; };
		6BAFC2261D3F19E4008158E5 /* libjmetal.a */ = {isa = PBXFileReference; explicitFileType = archive.ar; includeInIndex = 0; path = libjmetal.a; sourceTree = BUILT_PRODUCTS_DIR; };
		6BAFC2291D3F19E4008158E5 /* jmetal.hpp */ = {isa = PBXFileReference; lastKnownFileType = sourcecode.cpp.h; path = jmetal.hpp; sourceTree = "<group>"; };
		6BAFC22B1D3F19E4008158E5 /* jmetal.mm */ = {isa = PBXFileReference; lastKnownFileType = sourcecode.cpp.objcpp; path = jmetal.mm; sourceTree = "<group>"; };
		6BAFC2321D3F1B3C008158E5 /* Metal.framework */ = {isa = PBXFileReference; lastKnownFileType = wrapper.framework; name = Metal.framework; path = System/Library/Frameworks/Metal.framework; sourceTree = SDKROOT; };
		6BAFC2341D3F1C5E008158E5 /* QuartzCore.framework */ = {isa = PBXFileReference; lastKnownFileType = wrapper.framework; name = QuartzCore.framework; path = System/Library/Frameworks/QuartzCore.framework; sourceTree = SDKROOT; };
		6BEB93D91D90060F00B748EE /* jmetalconstants.hpp */ = {isa = PBXFileReference; lastKnownFileType = sourcecode.cpp.h; path = jmetalconstants.hpp; sourceTree = "<group>"; };
		6BF3339E1D7F0BEB0015817D /* jmetalbuffer.mm */ = {isa = PBXFileReference; fileEncoding = 4; lastKnownFileType = sourcecode.cpp.objcpp; path = jmetalbuffer.mm; sourceTree = "<group>"; };
		6BF333A01D7F0BF80015817D /* jmetalbuffer.hpp */ = {isa = PBXFileReference; fileEncoding = 4; lastKnownFileType = sourcecode.cpp.h; path = jmetalbuffer.hpp; sourceTree = "<group>"; };
		926A10E61D8C0ECC0090D75F /* jmetalrendercontextdata.hpp */ = {isa = PBXFileReference; fileEncoding = 4; lastKnownFileType = sourcecode.cpp.h; path = jmetalrendercontextdata.hpp; sourceTree = "<group>"; };
		926A10E71D8C0ECC0090D75F /* jmetalrendercontextdata.mm */ = {isa = PBXFileReference; fileEncoding = 4; lastKnownFileType = sourcecode.cpp.objcpp; path = jmetalrendercontextdata.mm; sourceTree = "<group>"; };
/* End PBXFileReference section */

/* Begin PBXFrameworksBuildPhase section */
		6BAFC2231D3F19E4008158E5 /* Frameworks */ = {
			isa = PBXFrameworksBuildPhase;
			buildActionMask = 2147483647;
			files = (
				6BAFC2351D3F1C5E008158E5 /* QuartzCore.framework in Frameworks */,
				6BAFC2331D3F1B3C008158E5 /* Metal.framework in Frameworks */,
			);
			runOnlyForDeploymentPostprocessing = 0;
		};
/* End PBXFrameworksBuildPhase section */

/* Begin PBXGroup section */
		6B833F431D9A7E41002EE46F /* Frameworks */ = {
			isa = PBXGroup;
			children = (
				6B833F441D9A7E41002EE46F /* libsujak.a */,
			);
			name = Frameworks;
			sourceTree = "<group>";
		};
		6BAFC21D1D3F19E4008158E5 = {
			isa = PBXGroup;
			children = (
				6BAFC2341D3F1C5E008158E5 /* QuartzCore.framework */,
				6BAFC2321D3F1B3C008158E5 /* Metal.framework */,
				6BAFC2281D3F19E4008158E5 /* jmetal */,
				6BAFC2271D3F19E4008158E5 /* Products */,
				6B833F431D9A7E41002EE46F /* Frameworks */,
			);
			sourceTree = "<group>";
		};
		6BAFC2271D3F19E4008158E5 /* Products */ = {
			isa = PBXGroup;
			children = (
				6BAFC2261D3F19E4008158E5 /* libjmetal.a */,
			);
			name = Products;
			sourceTree = "<group>";
		};
		6BAFC2281D3F19E4008158E5 /* jmetal */ = {
			isa = PBXGroup;
			children = (
				6BAFC2291D3F19E4008158E5 /* jmetal.hpp */,
				6BAFC22B1D3F19E4008158E5 /* jmetal.mm */,
				6B03842C1D92A31100282402 /* jmetalvertexbuffer.hpp */,
				6B03842D1D92A31100282402 /* jmetalvertexbuffer.mm */,
				6B833F3E1D9A77A6002EE46F /* jmetalstreambuffer.hpp */,
				6B833F3F1D9A77A6002EE46F /* jmetalstreambuffer.mm */,
				6B0384301D94100000282402 /* jmetalindexbuffer.hpp */,
				6B833F3A1D9A7205002EE46F /* jmetaluniformbuffer.hpp */,
				6B833F3B1D9A7205002EE46F /* jmetaluniformbuffer.mm */,
				6B0384311D94100000282402 /* jmetalindexbuffer.mm */,
				6BF3339E1D7F0BEB0015817D /* jmetalbuffer.mm */,
				6BF333A01D7F0BF80015817D /* jmetalbuffer.hpp */,
				926A10E61D8C0ECC0090D75F /* jmetalrendercontextdata.hpp */,
				926A10E71D8C0ECC0090D75F /* jmetalrendercontextdata.mm */,
				6BEB93D91D90060F00B748EE /* jmetalconstants.hpp */,
			);
			path = jmetal;
			sourceTree = "<group>";
		};
/* End PBXGroup section */

/* Begin PBXHeadersBuildPhase section */
		6BAFC23B1D3F3C2F008158E5 /* Headers */ = {
			isa = PBXHeadersBuildPhase;
			buildActionMask = 2147483647;
			files = (
			);
			runOnlyForDeploymentPostprocessing = 0;
		};
/* End PBXHeadersBuildPhase section */

/* Begin PBXNativeTarget section */
		6BAFC2251D3F19E4008158E5 /* jmetal */ = {
			isa = PBXNativeTarget;
			buildConfigurationList = 6BAFC22F1D3F19E4008158E5 /* Build configuration list for PBXNativeTarget "jmetal" */;
			buildPhases = (
				6BAFC2221D3F19E4008158E5 /* Sources */,
				6BAFC2231D3F19E4008158E5 /* Frameworks */,
				6BAFC2241D3F19E4008158E5 /* Copy Files */,
				6BAFC23B1D3F3C2F008158E5 /* Headers */,
			);
			buildRules = (
			);
			dependencies = (
			);
			name = jmetal;
			productName = jmetal;
			productReference = 6BAFC2261D3F19E4008158E5 /* libjmetal.a */;
			productType = "com.apple.product-type.library.static";
		};
/* End PBXNativeTarget section */

/* Begin PBXProject section */
		6BAFC21E1D3F19E4008158E5 /* Project object */ = {
			isa = PBXProject;
			attributes = {
				LastUpgradeCheck = 0800;
				ORGANIZATIONNAME = loadcomplete;
				TargetAttributes = {
					6BAFC2251D3F19E4008158E5 = {
						CreatedOnToolsVersion = 7.3;
					};
				};
			};
			buildConfigurationList = 6BAFC2211D3F19E4008158E5 /* Build configuration list for PBXProject "jmetal" */;
			compatibilityVersion = "Xcode 3.2";
			developmentRegion = English;
			hasScannedForEncodings = 0;
			knownRegions = (
				en,
			);
			mainGroup = 6BAFC21D1D3F19E4008158E5;
			productRefGroup = 6BAFC2271D3F19E4008158E5 /* Products */;
			projectDirPath = "";
			projectRoot = "";
			targets = (
				6BAFC2251D3F19E4008158E5 /* jmetal */,
			);
		};
/* End PBXProject section */

/* Begin PBXSourcesBuildPhase section */
		6BAFC2221D3F19E4008158E5 /* Sources */ = {
			isa = PBXSourcesBuildPhase;
			buildActionMask = 2147483647;
			files = (
				6B03842F1D92A31100282402 /* jmetalvertexbuffer.mm in Sources */,
				6BF3339F1D7F0BEB0015817D /* jmetalbuffer.mm in Sources */,
				6BAFC22C1D3F19E4008158E5 /* jmetal.mm in Sources */,
				6B833F411D9A77A6002EE46F /* jmetalstreambuffer.mm in Sources */,
				926A10E91D8C0ECC0090D75F /* jmetalrendercontextdata.mm in Sources */,
				6B0384331D94100000282402 /* jmetalindexbuffer.mm in Sources */,
				6B833F3D1D9A7205002EE46F /* jmetaluniformbuffer.mm in Sources */,
			);
			runOnlyForDeploymentPostprocessing = 0;
		};
/* End PBXSourcesBuildPhase section */

/* Begin XCBuildConfiguration section */
		6BAFC22D1D3F19E4008158E5 /* Debug */ = {
			isa = XCBuildConfiguration;
			buildSettings = {
				ALWAYS_SEARCH_USER_PATHS = NO;
				CLANG_ANALYZER_NONNULL = YES;
				CLANG_CXX_LANGUAGE_STANDARD = "gnu++0x";
				CLANG_CXX_LIBRARY = "libc++";
				CLANG_ENABLE_MODULES = YES;
				CLANG_ENABLE_OBJC_ARC = YES;
				CLANG_WARN_BOOL_CONVERSION = YES;
				CLANG_WARN_CONSTANT_CONVERSION = YES;
				CLANG_WARN_DIRECT_OBJC_ISA_USAGE = YES_ERROR;
				CLANG_WARN_EMPTY_BODY = YES;
				CLANG_WARN_ENUM_CONVERSION = YES;
				CLANG_WARN_INFINITE_RECURSION = YES;
				CLANG_WARN_INT_CONVERSION = YES;
				CLANG_WARN_OBJC_ROOT_CLASS = YES_ERROR;
				CLANG_WARN_SUSPICIOUS_MOVE = YES;
				CLANG_WARN_UNREACHABLE_CODE = YES;
				CLANG_WARN__DUPLICATE_METHOD_MATCH = YES;
				"CODE_SIGN_IDENTITY[sdk=iphoneos*]" = "iPhone Developer";
				COPY_PHASE_STRIP = NO;
				DEBUG_INFORMATION_FORMAT = dwarf;
				ENABLE_STRICT_OBJC_MSGSEND = YES;
				ENABLE_TESTABILITY = YES;
				GCC_C_LANGUAGE_STANDARD = gnu99;
				GCC_DYNAMIC_NO_PIC = NO;
				GCC_NO_COMMON_BLOCKS = YES;
				GCC_OPTIMIZATION_LEVEL = 0;
				GCC_PREPROCESSOR_DEFINITIONS = (
					"DEBUG=1",
					"$(inherited)",
				);
				GCC_WARN_64_TO_32_BIT_CONVERSION = YES;
				GCC_WARN_ABOUT_RETURN_TYPE = YES_ERROR;
				GCC_WARN_UNDECLARED_SELECTOR = YES;
				GCC_WARN_UNINITIALIZED_AUTOS = YES_AGGRESSIVE;
				GCC_WARN_UNUSED_FUNCTION = YES;
				GCC_WARN_UNUSED_VARIABLE = YES;
				IPHONEOS_DEPLOYMENT_TARGET = 9.3;
				MTL_ENABLE_DEBUG_INFO = YES;
				ONLY_ACTIVE_ARCH = YES;
				SDKROOT = iphoneos;
			};
			name = Debug;
		};
		6BAFC22E1D3F19E4008158E5 /* Release */ = {
			isa = XCBuildConfiguration;
			buildSettings = {
				ALWAYS_SEARCH_USER_PATHS = NO;
				CLANG_ANALYZER_NONNULL = YES;
				CLANG_CXX_LANGUAGE_STANDARD = "gnu++0x";
				CLANG_CXX_LIBRARY = "libc++";
				CLANG_ENABLE_MODULES = YES;
				CLANG_ENABLE_OBJC_ARC = YES;
				CLANG_WARN_BOOL_CONVERSION = YES;
				CLANG_WARN_CONSTANT_CONVERSION = YES;
				CLANG_WARN_DIRECT_OBJC_ISA_USAGE = YES_ERROR;
				CLANG_WARN_EMPTY_BODY = YES;
				CLANG_WARN_ENUM_CONVERSION = YES;
				CLANG_WARN_INFINITE_RECURSION = YES;
				CLANG_WARN_INT_CONVERSION = YES;
				CLANG_WARN_OBJC_ROOT_CLASS = YES_ERROR;
				CLANG_WARN_SUSPICIOUS_MOVE = YES;
				CLANG_WARN_UNREACHABLE_CODE = YES;
				CLANG_WARN__DUPLICATE_METHOD_MATCH = YES;
				"CODE_SIGN_IDENTITY[sdk=iphoneos*]" = "iPhone Developer";
				COPY_PHASE_STRIP = NO;
				DEBUG_INFORMATION_FORMAT = "dwarf-with-dsym";
				ENABLE_NS_ASSERTIONS = NO;
				ENABLE_STRICT_OBJC_MSGSEND = YES;
				GCC_C_LANGUAGE_STANDARD = gnu99;
				GCC_NO_COMMON_BLOCKS = YES;
				GCC_WARN_64_TO_32_BIT_CONVERSION = YES;
				GCC_WARN_ABOUT_RETURN_TYPE = YES_ERROR;
				GCC_WARN_UNDECLARED_SELECTOR = YES;
				GCC_WARN_UNINITIALIZED_AUTOS = YES_AGGRESSIVE;
				GCC_WARN_UNUSED_FUNCTION = YES;
				GCC_WARN_UNUSED_VARIABLE = YES;
				IPHONEOS_DEPLOYMENT_TARGET = 9.3;
				MTL_ENABLE_DEBUG_INFO = NO;
				SDKROOT = iphoneos;
				VALIDATE_PRODUCT = YES;
			};
			name = Release;
		};
		6BAFC2301D3F19E4008158E5 /* Debug */ = {
			isa = XCBuildConfiguration;
			buildSettings = {
				GCC_INPUT_FILETYPE = automatic;
				HEADER_SEARCH_PATHS = "";
				OTHER_LDFLAGS = "-ObjC";
				PRODUCT_NAME = "$(TARGET_NAME)";
				SKIP_INSTALL = YES;
			};
			name = Debug;
		};
		6BAFC2311D3F19E4008158E5 /* Release */ = {
			isa = XCBuildConfiguration;
			buildSettings = {
				GCC_INPUT_FILETYPE = automatic;
				HEADER_SEARCH_PATHS = "";
				OTHER_LDFLAGS = "-ObjC";
				PRODUCT_NAME = "$(TARGET_NAME)";
				SKIP_INSTALL = YES;
			};
			name = Release;
		};
/* End XCBuildConfiguration section */

/* Begin XCConfigurationList section */
		6BAFC2211D3F19E4008158E5 /* Build configuration list for PBXProject "jmetal" */ = {
			isa = XCConfigurationList;
			buildConfigurations = (
				6BAFC22D1D3F19E4008158E5 /* Debug */,
				6BAFC22E1D3F19E4008158E5 /* Release */,
			);
			defaultConfigurationIsVisible = 0;
			defaultConfigurationName = Release;
		};
		6BAFC22F1D3F19E4008158E5 /* Build configuration list for PBXNativeTarget "jmetal" */ = {
			isa = XCConfigurationList;
			buildConfigurations = (
				6BAFC2301D3F19E4008158E5 /* Debug */,
				6BAFC2311D3F19E4008158E5 /* Release */,
			);
			defaultConfigurationIsVisible = 0;
			defaultConfigurationName = Release;
		};
/* End XCConfigurationList section */
	};
	rootObject = 6BAFC21E1D3F19E4008158E5 /* Project object */;
}
