// !$*UTF8*$!
{
	archiveVersion = 1;
	classes = {
	};
	objectVersion = 46;
	objects = {

/* Begin PBXBuildFile section */
		6B1C1AAD1DB59F260007B088 /* jwritehandler.hpp in Headers */ = {isa = PBXBuildFile; fileRef = 6B1C1AAC1DB59F260007B088 /* jwritehandler.hpp */; };
		6BBBDCE51DB12F2100DF935C /* jglbuffer.hpp in Headers */ = {isa = PBXBuildFile; fileRef = 6BBBDCE41DB12F2100DF935C /* jglbuffer.hpp */; };
		6BBBDCE91DB130D800DF935C /* jglbuffer.cpp in Sources */ = {isa = PBXBuildFile; fileRef = 6BBBDCE81DB130D800DF935C /* jglbuffer.cpp */; };
		6BBBDCEC1DB1326500DF935C /* jglattributebuffer.cpp in Sources */ = {isa = PBXBuildFile; fileRef = 6BBBDCEA1DB1326500DF935C /* jglattributebuffer.cpp */; };
		6BBBDCED1DB1326500DF935C /* jglattributebuffer.hpp in Headers */ = {isa = PBXBuildFile; fileRef = 6BBBDCEB1DB1326500DF935C /* jglattributebuffer.hpp */; };
		6BE97BCD1DB74F5900C1EB26 /* jglrenderitem.cpp in Sources */ = {isa = PBXBuildFile; fileRef = 6BE97BCB1DB74F5900C1EB26 /* jglrenderitem.cpp */; };
		6BE97BCE1DB74F5900C1EB26 /* jglrenderitem.hpp in Headers */ = {isa = PBXBuildFile; fileRef = 6BE97BCC1DB74F5900C1EB26 /* jglrenderitem.hpp */; };
		6BE97BD11DB759D400C1EB26 /* jglshader.cpp in Sources */ = {isa = PBXBuildFile; fileRef = 6BE97BCF1DB759D400C1EB26 /* jglshader.cpp */; };
		6BE97BD21DB759D400C1EB26 /* jglshader.hpp in Headers */ = {isa = PBXBuildFile; fileRef = 6BE97BD01DB759D400C1EB26 /* jglshader.hpp */; };
		6BE97BDB1DB76EEA00C1EB26 /* jgltableshader.cpp in Sources */ = {isa = PBXBuildFile; fileRef = 6BE97BD91DB76EEA00C1EB26 /* jgltableshader.cpp */; };
		6BE97BDC1DB76EEA00C1EB26 /* jgltableshader.hpp in Headers */ = {isa = PBXBuildFile; fileRef = 6BE97BDA1DB76EEA00C1EB26 /* jgltableshader.hpp */; settings = {ATTRIBUTES = (Public, ); }; };
		6BE97BE21DB76F7A00C1EB26 /* jallocator.hpp in Headers */ = {isa = PBXBuildFile; fileRef = 6BE97BE11DB76F7A00C1EB26 /* jallocator.hpp */; };
		6BE97BF81DB7A1A200C1EB26 /* jgltablenontransient.hpp in Headers */ = {isa = PBXBuildFile; fileRef = 6BE97BF71DB7A1A200C1EB26 /* jgltablenontransient.hpp */; };
		92A618F41DB3DE6400C136B0 /* jconstants.hpp in Headers */ = {isa = PBXBuildFile; fileRef = 92A618F21DB3DE6400C136B0 /* jconstants.hpp */; };
		92A618F51DB3DE6400C136B0 /* jdefinitions.hpp in Headers */ = {isa = PBXBuildFile; fileRef = 92A618F31DB3DE6400C136B0 /* jdefinitions.hpp */; };
/* End PBXBuildFile section */

/* Begin PBXFileReference section */
		6B1C1AAC1DB59F260007B088 /* jwritehandler.hpp */ = {isa = PBXFileReference; lastKnownFileType = sourcecode.cpp.h; name = jwritehandler.hpp; path = ../jwritehandler.hpp; sourceTree = "<group>"; };
		6BBBDCDC1DB12EDC00DF935C /* libjgl.a */ = {isa = PBXFileReference; explicitFileType = archive.ar; includeInIndex = 0; path = libjgl.a; sourceTree = BUILT_PRODUCTS_DIR; };
		6BBBDCE41DB12F2100DF935C /* jglbuffer.hpp */ = {isa = PBXFileReference; fileEncoding = 4; lastKnownFileType = sourcecode.cpp.h; path = jglbuffer.hpp; sourceTree = "<group>"; };
		6BBBDCE81DB130D800DF935C /* jglbuffer.cpp */ = {isa = PBXFileReference; fileEncoding = 4; lastKnownFileType = sourcecode.cpp.cpp; path = jglbuffer.cpp; sourceTree = "<group>"; };
		6BBBDCEA1DB1326500DF935C /* jglattributebuffer.cpp */ = {isa = PBXFileReference; fileEncoding = 4; lastKnownFileType = sourcecode.cpp.cpp; path = jglattributebuffer.cpp; sourceTree = "<group>"; };
		6BBBDCEB1DB1326500DF935C /* jglattributebuffer.hpp */ = {isa = PBXFileReference; fileEncoding = 4; lastKnownFileType = sourcecode.cpp.h; path = jglattributebuffer.hpp; sourceTree = "<group>"; };
		6BE97BCB1DB74F5900C1EB26 /* jglrenderitem.cpp */ = {isa = PBXFileReference; fileEncoding = 4; lastKnownFileType = sourcecode.cpp.cpp; path = jglrenderitem.cpp; sourceTree = "<group>"; };
		6BE97BCC1DB74F5900C1EB26 /* jglrenderitem.hpp */ = {isa = PBXFileReference; fileEncoding = 4; lastKnownFileType = sourcecode.cpp.h; path = jglrenderitem.hpp; sourceTree = "<group>"; };
		6BE97BCF1DB759D400C1EB26 /* jglshader.cpp */ = {isa = PBXFileReference; fileEncoding = 4; lastKnownFileType = sourcecode.cpp.cpp; path = jglshader.cpp; sourceTree = "<group>"; };
		6BE97BD01DB759D400C1EB26 /* jglshader.hpp */ = {isa = PBXFileReference; fileEncoding = 4; lastKnownFileType = sourcecode.cpp.h; path = jglshader.hpp; sourceTree = "<group>"; };
		6BE97BD91DB76EEA00C1EB26 /* jgltableshader.cpp */ = {isa = PBXFileReference; fileEncoding = 4; lastKnownFileType = sourcecode.cpp.cpp; path = jgltableshader.cpp; sourceTree = "<group>"; };
		6BE97BDA1DB76EEA00C1EB26 /* jgltableshader.hpp */ = {isa = PBXFileReference; fileEncoding = 4; lastKnownFileType = sourcecode.cpp.h; path = jgltableshader.hpp; sourceTree = "<group>"; };
		6BE97BE11DB76F7A00C1EB26 /* jallocator.hpp */ = {isa = PBXFileReference; lastKnownFileType = sourcecode.cpp.h; name = jallocator.hpp; path = ../jallocator.hpp; sourceTree = "<group>"; };
		6BE97BF71DB7A1A200C1EB26 /* jgltablenontransient.hpp */ = {isa = PBXFileReference; fileEncoding = 4; lastKnownFileType = sourcecode.cpp.h; path = jgltablenontransient.hpp; sourceTree = "<group>"; };
		92A618F21DB3DE6400C136B0 /* jconstants.hpp */ = {isa = PBXFileReference; lastKnownFileType = sourcecode.cpp.h; name = jconstants.hpp; path = ../jconstants.hpp; sourceTree = "<group>"; };
		92A618F31DB3DE6400C136B0 /* jdefinitions.hpp */ = {isa = PBXFileReference; lastKnownFileType = sourcecode.cpp.h; name = jdefinitions.hpp; path = ../jdefinitions.hpp; sourceTree = "<group>"; };
/* End PBXFileReference section */

/* Begin PBXFrameworksBuildPhase section */
		6BBBDCD91DB12EDC00DF935C /* Frameworks */ = {
			isa = PBXFrameworksBuildPhase;
			buildActionMask = 2147483647;
			files = (
			);
			runOnlyForDeploymentPostprocessing = 0;
		};
/* End PBXFrameworksBuildPhase section */

/* Begin PBXGroup section */
		6BBBDCD31DB12EDC00DF935C = {
			isa = PBXGroup;
			children = (
				6BE97BE11DB76F7A00C1EB26 /* jallocator.hpp */,
				6B1C1AAC1DB59F260007B088 /* jwritehandler.hpp */,
				92A618F21DB3DE6400C136B0 /* jconstants.hpp */,
				92A618F31DB3DE6400C136B0 /* jdefinitions.hpp */,
				6BBBDCE31DB12F0200DF935C /* jgl */,
				6BBBDCDD1DB12EDC00DF935C /* Products */,
			);
			sourceTree = "<group>";
		};
		6BBBDCDD1DB12EDC00DF935C /* Products */ = {
			isa = PBXGroup;
			children = (
				6BBBDCDC1DB12EDC00DF935C /* libjgl.a */,
			);
			name = Products;
			sourceTree = "<group>";
		};
		6BBBDCE31DB12F0200DF935C /* jgl */ = {
			isa = PBXGroup;
			children = (
				6BBBDCE41DB12F2100DF935C /* jglbuffer.hpp */,
				6BBBDCE81DB130D800DF935C /* jglbuffer.cpp */,
				6BBBDCEA1DB1326500DF935C /* jglattributebuffer.cpp */,
				6BBBDCEB1DB1326500DF935C /* jglattributebuffer.hpp */,
				6BE97BCB1DB74F5900C1EB26 /* jglrenderitem.cpp */,
				6BE97BCC1DB74F5900C1EB26 /* jglrenderitem.hpp */,
				6BE97BCF1DB759D400C1EB26 /* jglshader.cpp */,
				6BE97BD01DB759D400C1EB26 /* jglshader.hpp */,
				6BE97BD91DB76EEA00C1EB26 /* jgltableshader.cpp */,
				6BE97BDA1DB76EEA00C1EB26 /* jgltableshader.hpp */,
				6BE97BF71DB7A1A200C1EB26 /* jgltablenontransient.hpp */,
			);
			path = jgl;
			sourceTree = "<group>";
		};
/* End PBXGroup section */

/* Begin PBXHeadersBuildPhase section */
		6BBBDCDA1DB12EDC00DF935C /* Headers */ = {
			isa = PBXHeadersBuildPhase;
			buildActionMask = 2147483647;
			files = (
				6BE97BDC1DB76EEA00C1EB26 /* jgltableshader.hpp in Headers */,
				6BE97BE21DB76F7A00C1EB26 /* jallocator.hpp in Headers */,
				6BE97BD21DB759D400C1EB26 /* jglshader.hpp in Headers */,
				6B1C1AAD1DB59F260007B088 /* jwritehandler.hpp in Headers */,
				92A618F41DB3DE6400C136B0 /* jconstants.hpp in Headers */,
				92A618F51DB3DE6400C136B0 /* jdefinitions.hpp in Headers */,
				6BE97BCE1DB74F5900C1EB26 /* jglrenderitem.hpp in Headers */,
				6BBBDCE51DB12F2100DF935C /* jglbuffer.hpp in Headers */,
				6BE97BF81DB7A1A200C1EB26 /* jgltablenontransient.hpp in Headers */,
				6BBBDCED1DB1326500DF935C /* jglattributebuffer.hpp in Headers */,
			);
			runOnlyForDeploymentPostprocessing = 0;
		};
/* End PBXHeadersBuildPhase section */

/* Begin PBXNativeTarget section */
		6BBBDCDB1DB12EDC00DF935C /* jgl */ = {
			isa = PBXNativeTarget;
			buildConfigurationList = 6BBBDCE01DB12EDC00DF935C /* Build configuration list for PBXNativeTarget "jgl" */;
			buildPhases = (
				6BBBDCD81DB12EDC00DF935C /* Sources */,
				6BBBDCD91DB12EDC00DF935C /* Frameworks */,
				6BBBDCDA1DB12EDC00DF935C /* Headers */,
			);
			buildRules = (
			);
			dependencies = (
			);
			name = jgl;
			productName = jgl;
			productReference = 6BBBDCDC1DB12EDC00DF935C /* libjgl.a */;
			productType = "com.apple.product-type.library.static";
		};
/* End PBXNativeTarget section */

/* Begin PBXProject section */
		6BBBDCD41DB12EDC00DF935C /* Project object */ = {
			isa = PBXProject;
			attributes = {
				LastUpgradeCheck = 0800;
				ORGANIZATIONNAME = loadcomplete;
				TargetAttributes = {
					6BBBDCDB1DB12EDC00DF935C = {
						CreatedOnToolsVersion = 8.0;
						DevelopmentTeam = 7HFX6HHB6J;
						ProvisioningStyle = Automatic;
					};
				};
			};
			buildConfigurationList = 6BBBDCD71DB12EDC00DF935C /* Build configuration list for PBXProject "jgl" */;
			compatibilityVersion = "Xcode 3.2";
			developmentRegion = English;
			hasScannedForEncodings = 0;
			knownRegions = (
				en,
			);
			mainGroup = 6BBBDCD31DB12EDC00DF935C;
			productRefGroup = 6BBBDCDD1DB12EDC00DF935C /* Products */;
			projectDirPath = "";
			projectRoot = "";
			targets = (
				6BBBDCDB1DB12EDC00DF935C /* jgl */,
			);
		};
/* End PBXProject section */

/* Begin PBXSourcesBuildPhase section */
		6BBBDCD81DB12EDC00DF935C /* Sources */ = {
			isa = PBXSourcesBuildPhase;
			buildActionMask = 2147483647;
			files = (
				6BE97BCD1DB74F5900C1EB26 /* jglrenderitem.cpp in Sources */,
				6BBBDCEC1DB1326500DF935C /* jglattributebuffer.cpp in Sources */,
				6BE97BD11DB759D400C1EB26 /* jglshader.cpp in Sources */,
				6BBBDCE91DB130D800DF935C /* jglbuffer.cpp in Sources */,
				6BE97BDB1DB76EEA00C1EB26 /* jgltableshader.cpp in Sources */,
			);
			runOnlyForDeploymentPostprocessing = 0;
		};
/* End PBXSourcesBuildPhase section */

/* Begin XCBuildConfiguration section */
		6BBBDCDE1DB12EDC00DF935C /* Debug */ = {
			isa = XCBuildConfiguration;
			buildSettings = {
				ALWAYS_SEARCH_USER_PATHS = NO;
				CLANG_ANALYZER_NONNULL = YES;
				CLANG_CXX_LANGUAGE_STANDARD = "gnu++0x";
				CLANG_CXX_LIBRARY = "libc++";
				CLANG_ENABLE_MODULES = YES;
				CLANG_ENABLE_OBJC_ARC = YES;
				CLANG_WARN_BOOL_CONVERSION = YES;
				CLANG_WARN_CONSTANT_CONVERSION = YES;
				CLANG_WARN_DIRECT_OBJC_ISA_USAGE = YES_ERROR;
				CLANG_WARN_DOCUMENTATION_COMMENTS = YES;
				CLANG_WARN_EMPTY_BODY = YES;
				CLANG_WARN_ENUM_CONVERSION = YES;
				CLANG_WARN_INFINITE_RECURSION = YES;
				CLANG_WARN_INT_CONVERSION = YES;
				CLANG_WARN_OBJC_ROOT_CLASS = YES_ERROR;
				CLANG_WARN_SUSPICIOUS_MOVES = YES;
				CLANG_WARN_UNREACHABLE_CODE = YES;
				CLANG_WARN__DUPLICATE_METHOD_MATCH = YES;
				CODE_SIGN_IDENTITY = "-";
				COPY_PHASE_STRIP = NO;
				DEBUG_INFORMATION_FORMAT = dwarf;
				ENABLE_STRICT_OBJC_MSGSEND = YES;
				ENABLE_TESTABILITY = YES;
				GCC_C_LANGUAGE_STANDARD = gnu99;
				GCC_DYNAMIC_NO_PIC = NO;
				GCC_NO_COMMON_BLOCKS = YES;
				GCC_OPTIMIZATION_LEVEL = 0;
				GCC_PREPROCESSOR_DEFINITIONS = (
					"DEBUG=1",
					"$(inherited)",
				);
				GCC_WARN_64_TO_32_BIT_CONVERSION = YES;
				GCC_WARN_ABOUT_RETURN_TYPE = YES_ERROR;
				GCC_WARN_UNDECLARED_SELECTOR = YES;
				GCC_WARN_UNINITIALIZED_AUTOS = YES_AGGRESSIVE;
				GCC_WARN_UNUSED_FUNCTION = YES;
				GCC_WARN_UNUSED_VARIABLE = YES;
				MACOSX_DEPLOYMENT_TARGET = 10.12;
				MTL_ENABLE_DEBUG_INFO = YES;
				ONLY_ACTIVE_ARCH = YES;
				SDKROOT = macosx;
			};
			name = Debug;
		};
		6BBBDCDF1DB12EDC00DF935C /* Release */ = {
			isa = XCBuildConfiguration;
			buildSettings = {
				ALWAYS_SEARCH_USER_PATHS = NO;
				CLANG_ANALYZER_NONNULL = YES;
				CLANG_CXX_LANGUAGE_STANDARD = "gnu++0x";
				CLANG_CXX_LIBRARY = "libc++";
				CLANG_ENABLE_MODULES = YES;
				CLANG_ENABLE_OBJC_ARC = YES;
				CLANG_WARN_BOOL_CONVERSION = YES;
				CLANG_WARN_CONSTANT_CONVERSION = YES;
				CLANG_WARN_DIRECT_OBJC_ISA_USAGE = YES_ERROR;
				CLANG_WARN_DOCUMENTATION_COMMENTS = YES;
				CLANG_WARN_EMPTY_BODY = YES;
				CLANG_WARN_ENUM_CONVERSION = YES;
				CLANG_WARN_INFINITE_RECURSION = YES;
				CLANG_WARN_INT_CONVERSION = YES;
				CLANG_WARN_OBJC_ROOT_CLASS = YES_ERROR;
				CLANG_WARN_SUSPICIOUS_MOVES = YES;
				CLANG_WARN_UNREACHABLE_CODE = YES;
				CLANG_WARN__DUPLICATE_METHOD_MATCH = YES;
				CODE_SIGN_IDENTITY = "-";
				COPY_PHASE_STRIP = NO;
				DEBUG_INFORMATION_FORMAT = "dwarf-with-dsym";
				ENABLE_NS_ASSERTIONS = NO;
				ENABLE_STRICT_OBJC_MSGSEND = YES;
				GCC_C_LANGUAGE_STANDARD = gnu99;
				GCC_NO_COMMON_BLOCKS = YES;
				GCC_WARN_64_TO_32_BIT_CONVERSION = YES;
				GCC_WARN_ABOUT_RETURN_TYPE = YES_ERROR;
				GCC_WARN_UNDECLARED_SELECTOR = YES;
				GCC_WARN_UNINITIALIZED_AUTOS = YES_AGGRESSIVE;
				GCC_WARN_UNUSED_FUNCTION = YES;
				GCC_WARN_UNUSED_VARIABLE = YES;
				MACOSX_DEPLOYMENT_TARGET = 10.12;
				MTL_ENABLE_DEBUG_INFO = NO;
				SDKROOT = macosx;
			};
			name = Release;
		};
		6BBBDCE11DB12EDC00DF935C /* Debug */ = {
			isa = XCBuildConfiguration;
			buildSettings = {
				DEVELOPMENT_TEAM = 7HFX6HHB6J;
				EXECUTABLE_PREFIX = lib;
				HEADER_SEARCH_PATHS = ../;
				PRODUCT_NAME = "$(TARGET_NAME)";
			};
			name = Debug;
		};
		6BBBDCE21DB12EDC00DF935C /* Release */ = {
			isa = XCBuildConfiguration;
			buildSettings = {
				DEVELOPMENT_TEAM = 7HFX6HHB6J;
				EXECUTABLE_PREFIX = lib;
				HEADER_SEARCH_PATHS = ../;
				PRODUCT_NAME = "$(TARGET_NAME)";
			};
			name = Release;
		};
/* End XCBuildConfiguration section */

/* Begin XCConfigurationList section */
		6BBBDCD71DB12EDC00DF935C /* Build configuration list for PBXProject "jgl" */ = {
			isa = XCConfigurationList;
			buildConfigurations = (
				6BBBDCDE1DB12EDC00DF935C /* Debug */,
				6BBBDCDF1DB12EDC00DF935C /* Release */,
			);
			defaultConfigurationIsVisible = 0;
			defaultConfigurationName = Release;
		};
		6BBBDCE01DB12EDC00DF935C /* Build configuration list for PBXNativeTarget "jgl" */ = {
			isa = XCConfigurationList;
			buildConfigurations = (
				6BBBDCE11DB12EDC00DF935C /* Debug */,
				6BBBDCE21DB12EDC00DF935C /* Release */,
			);
			defaultConfigurationIsVisible = 0;
			defaultConfigurationName = Release;
		};
/* End XCConfigurationList section */
	};
	rootObject = 6BBBDCD41DB12EDC00DF935C /* Project object */;
}
